Microsoft Visual Studio Solution File, Format Version 12.00
# Visual Studio Version 17
VisualStudioVersion = 17.5.2.0
MinimumVisualStudioVersion = 10.0.40219.1
Project("{FAE04EC0-301F-11D3-BF4B-00C04F79EFBC}") = "ESA-Terra-Argila", "ESA-Terra-Argila.csproj", "{82272B9A-DF2B-B5DC-4504-4589B673DA02}"
EndProject
Global
	GlobalSection(SolutionConfigurationPlatforms) = preSolution
		Debug|Any CPU = Debug|Any CPU
		Release|Any CPU = Release|Any CPU
	EndGlobalSection
	GlobalSection(ProjectConfigurationPlatforms) = postSolution
		{82272B9A-DF2B-B5DC-4504-4589B673DA02}.Debug|Any CPU.ActiveCfg = Debug|Any CPU
		{82272B9A-DF2B-B5DC-4504-4589B673DA02}.Debug|Any CPU.Build.0 = Debug|Any CPU
		{82272B9A-DF2B-B5DC-4504-4589B673DA02}.Release|Any CPU.ActiveCfg = Release|Any CPU
		{82272B9A-DF2B-B5DC-4504-4589B673DA02}.Release|Any CPU.Build.0 = Release|Any CPU
	EndGlobalSection
	GlobalSection(SolutionProperties) = preSolution
		HideSolutionNode = FALSE
	EndGlobalSection
	GlobalSection(ExtensibilityGlobals) = postSolution
		SolutionGuid = {EAFA33F3-90C9-41EE-BB30-A1FD74DA8738}
	EndGlobalSection
EndGlobal
